
Microsoft Visual Studio Solution File, Format Version 12.00
# Visual Studio Version 17
VisualStudioVersion = 17.7.34024.191
MinimumVisualStudioVersion = 10.0.40219.1
Project("{9A19103F-16F7-4668-BE54-9A1E7A4F7556}") = "Server", "Server.csproj", "{48D6402A-CCC1-49CB-BA2C-8471E59065B9}"
EndProject
Project("{9A19103F-16F7-4668-BE54-9A1E7A4F7556}") = "Client", "..\Client\Client.csproj", "{2A590E54-B700-41E0-994C-41FC30F242AA}"
EndProject
Project("{9A19103F-16F7-4668-BE54-9A1E7A4F7556}") = "World Editor", "..\World Editor\World Editor.csproj", "{1D51ADCF-82F4-41D5-BAB0-E12A1321A115}"
EndProject
Global
	GlobalSection(SolutionConfigurationPlatforms) = preSolution
		Debug|Any CPU = Debug|Any CPU
		Release|Any CPU = Release|Any CPU
	EndGlobalSection
	GlobalSection(ProjectConfigurationPlatforms) = postSolution
		{48D6402A-CCC1-49CB-BA2C-8471E59065B9}.Debug|Any CPU.ActiveCfg = Debug|Any CPU
		{48D6402A-CCC1-49CB-BA2C-8471E59065B9}.Debug|Any CPU.Build.0 = Debug|Any CPU
		{48D6402A-CCC1-49CB-BA2C-8471E59065B9}.Release|Any CPU.ActiveCfg = Release|Any CPU
		{48D6402A-CCC1-49CB-BA2C-8471E59065B9}.Release|Any CPU.Build.0 = Release|Any CPU
		{2A590E54-B700-41E0-994C-41FC30F242AA}.Debug|Any CPU.ActiveCfg = Debug|Any CPU
		{2A590E54-B700-41E0-994C-41FC30F242AA}.Debug|Any CPU.Build.0 = Debug|Any CPU
		{2A590E54-B700-41E0-994C-41FC30F242AA}.Release|Any CPU.ActiveCfg = Release|Any CPU
		{2A590E54-B700-41E0-994C-41FC30F242AA}.Release|Any CPU.Build.0 = Release|Any CPU
		{1D51ADCF-82F4-41D5-BAB0-E12A1321A115}.Debug|Any CPU.ActiveCfg = Debug|Any CPU
		{1D51ADCF-82F4-41D5-BAB0-E12A1321A115}.Debug|Any CPU.Build.0 = Debug|Any CPU
		{1D51ADCF-82F4-41D5-BAB0-E12A1321A115}.Release|Any CPU.ActiveCfg = Release|Any CPU
		{1D51ADCF-82F4-41D5-BAB0-E12A1321A115}.Release|Any CPU.Build.0 = Release|Any CPU
	EndGlobalSection
	GlobalSection(SolutionProperties) = preSolution
		HideSolutionNode = FALSE
	EndGlobalSection
	GlobalSection(ExtensibilityGlobals) = postSolution
		SolutionGuid = {2D57A6A4-9049-4A2D-94D1-613E3C75CE01}
	EndGlobalSection
EndGlobal
